
Microsoft Visual Studio Solution File, Format Version 12.00
# Visual Studio Version 17
VisualStudioVersion = 17.3.32825.248
MinimumVisualStudioVersion = 10.0.40219.1
Project("{FAE04EC0-301F-11D3-BF4B-00C04F79EFBC}") = "Exec2_Star", "Exec2_Star\Exec2_Star.csproj", "{900793B9-74B2-4C56-B873-A55778B7AD5C}"
EndProject
Global
	GlobalSection(SolutionConfigurationPlatforms) = preSolution
		Debug|Any CPU = Debug|Any CPU
		Release|Any CPU = Release|Any CPU
	EndGlobalSection
	GlobalSection(ProjectConfigurationPlatforms) = postSolution
		{900793B9-74B2-4C56-B873-A55778B7AD5C}.Debug|Any CPU.ActiveCfg = Debug|Any CPU
		{900793B9-74B2-4C56-B873-A55778B7AD5C}.Debug|Any CPU.Build.0 = Debug|Any CPU
		{900793B9-74B2-4C56-B873-A55778B7AD5C}.Release|Any CPU.ActiveCfg = Release|Any CPU
		{900793B9-74B2-4C56-B873-A55778B7AD5C}.Release|Any CPU.Build.0 = Release|Any CPU
	EndGlobalSection
	GlobalSection(SolutionProperties) = preSolution
		HideSolutionNode = FALSE
	EndGlobalSection
	GlobalSection(ExtensibilityGlobals) = postSolution
		SolutionGuid = {440F9FA6-8ED6-4F8D-ABC4-D54EB9B843B7}
	EndGlobalSection
EndGlobal
